
Microsoft Visual Studio Solution File, Format Version 12.00
# Visual Studio Version 16
VisualStudioVersion = 16.0.30128.74
MinimumVisualStudioVersion = 10.0.40219.1
Project("{9A19103F-16F7-4668-BE54-9A1E7A4F7556}") = "TelerikFileBrowserRepro", "TelerikFileBrowserRepro\TelerikFileBrowserRepro.csproj", "{E5E64989-1A71-4520-BA90-89F4CCB71784}"
EndProject
Global
	GlobalSection(SolutionConfigurationPlatforms) = preSolution
		Debug|Any CPU = Debug|Any CPU
		Release|Any CPU = Release|Any CPU
	EndGlobalSection
	GlobalSection(ProjectConfigurationPlatforms) = postSolution
		{E5E64989-1A71-4520-BA90-89F4CCB71784}.Debug|Any CPU.ActiveCfg = Debug|Any CPU
		{E5E64989-1A71-4520-BA90-89F4CCB71784}.Debug|Any CPU.Build.0 = Debug|Any CPU
		{E5E64989-1A71-4520-BA90-89F4CCB71784}.Release|Any CPU.ActiveCfg = Release|Any CPU
		{E5E64989-1A71-4520-BA90-89F4CCB71784}.Release|Any CPU.Build.0 = Release|Any CPU
	EndGlobalSection
	GlobalSection(SolutionProperties) = preSolution
		HideSolutionNode = FALSE
	EndGlobalSection
	GlobalSection(ExtensibilityGlobals) = postSolution
		SolutionGuid = {CB60EA5B-E7EF-44FA-B573-98380EC5CC3B}
	EndGlobalSection
EndGlobal
